{
  "name": "@wildfirechat/robot-gateway-client-sdk",
  "version": "1.0.0",
  "lockfileVersion": 3,
  "requires": true,
  "packages": {
    "": {
      "name": "@wildfirechat/robot-gateway-client-sdk",
      "version": "1.0.0",
      "license": "MIT",
      "dependencies": {
        "@wildfirechat/server-sdk": "^1.0.0",
        "ws": "^8.16.0"
      }
    },
    "../server-sdk.js": {
      "extraneous": true
    },
    "node_modules/@wildfirechat/server-sdk": {
      "version": "1.0.0",
      "resolved": "https://registry.npmjs.org/@wildfirechat/server-sdk/-/server-sdk-1.0.0.tgz",
      "integrity": "sha512-cczJD3uQZQYCWyD8IyENWAKPs5cC1YjsUboCktKz4gx+Q7SFoJRJdP3IMwbTOcCw792GOZ3ZM76xa9H41xWl6Q==",
      "dependencies": {
        "base64-arraybuffer": "^1.0.2",
        "long": "^5.2.1"
      },
      "engines": {
        "node": ">=14.0.0"
      }
    },
    "node_modules/base64-arraybuffer": {
      "version": "1.0.2",
      "resolved": "https://registry.npmjs.org/base64-arraybuffer/-/base64-arraybuffer-1.0.2.tgz",
      "integrity": "sha512-I3yl4r9QB5ZRY3XuJVEPfc2XhZO6YweFPI+UovAzn+8/hb3oJ6lnysaFcjVpkCPfVWFUDvoZ8kmVDP7WyRtYtQ==",
      "engines": {
        "node": ">= 0.6.0"
      }
    },
    "node_modules/long": {
      "version": "5.3.2",
      "resolved": "https://registry.npmjs.org/long/-/long-5.3.2.tgz",
      "integrity": "sha512-mNAgZ1GmyNhD7AuqnTG3/VQ26o760+ZYBPKjPvugO8+nLbYfX6TVpJPseBvopbdY+qpZ/lKUnmEc1LeZYS3QAA=="
    },
    "node_modules/ws": {
      "version": "8.19.0",
      "resolved": "https://registry.npmjs.org/ws/-/ws-8.19.0.tgz",
      "integrity": "sha512-blAT2mjOEIi0ZzruJfIhb3nps74PRWTCz1IjglWEEpQl5XS/UNama6u2/rjFkDDouqr4L67ry+1aGIALViWjDg==",
      "engines": {
        "node": ">=10.0.0"
      },
      "peerDependencies": {
        "bufferutil": "^4.0.1",
        "utf-8-validate": ">=5.0.2"
      },
      "peerDependenciesMeta": {
        "bufferutil": {
          "optional": true
        },
        "utf-8-validate": {
          "optional": true
        }
      }
    }
  }
}
